PODS:
  - MBProgressHUD (1.2.0)
  - PINCache (3.0.1-beta.6):
    - PINCache/Arc-exception-safe (= 3.0.1-beta.6)
    - PINCache/Core (= 3.0.1-beta.6)
  - PINCache/Arc-exception-safe (3.0.1-beta.6):
    - PINCache/Core
  - PINCache/Core (3.0.1-beta.6):
    - PINOperation (~> 1.1.0)
  - PINOperation (1.1.2)
  - PINRemoteImage/Core (3.0.0-beta.13):
    - PINOperation
  - PINRemoteImage/iOS (3.0.0-beta.13):
    - PINRemoteImage/Core
  - PINRemoteImage/PINCache (3.0.0-beta.13):
    - PINCache (= 3.0.1-beta.6)
    - PINRemoteImage/Core
  - RxCocoa (5.1.1):
    - RxRelay (~> 5)
    - RxSwift (~> 5)
  - RxCocoa-Texture (3.1.0):
    - RxCocoa (~> 5.0)
    - RxSwift (~> 5.0)
    - Texture (~> 2.7)
  - RxRelay (5.1.3):
    - RxSwift (~> 5)
  - RxSwift (5.1.1)
  - Texture (2.8.1):
    - Texture/AssetsLibrary (= 2.8.1)
    - Texture/Core (= 2.8.1)
    - Texture/MapKit (= 2.8.1)
    - Texture/Photos (= 2.8.1)
    - Texture/PINRemoteImage (= 2.8.1)
    - Texture/Video (= 2.8.1)
  - Texture/AssetsLibrary (2.8.1):
    - Texture/Core
  - Texture/Core (2.8.1)
  - Texture/MapKit (2.8.1):
    - Texture/Core
  - Texture/Photos (2.8.1):
    - Texture/Core
  - Texture/PINRemoteImage (2.8.1):
    - PINRemoteImage/iOS (= 3.0.0-beta.13)
    - PINRemoteImage/PINCache
    - Texture/Core
  - Texture/Video (2.8.1):
    - Texture/Core
  - TextureSwiftSupport (1.9.1):
    - Texture/Core (~> 2.8)

DEPENDENCIES:
  - MBProgressHUD
  - RxCocoa (= 5.1.1)
  - RxCocoa-Texture
  - RxSwift (= 5.1.1)
  - Texture (>= 2.0)
  - TextureSwiftSupport

SPEC REPOS:
  trunk:
    - MBProgressHUD
    - PINCache
    - PINOperation
    - PINRemoteImage
    - RxCocoa
    - RxCocoa-Texture
    - RxRelay
    - RxSwift
    - Texture
    - TextureSwiftSupport

SPEC CHECKSUMS:
  MBProgressHUD: 3ee5efcc380f6a79a7cc9b363dd669c5e1ae7406
  PINCache: d195fdba255283f7e9900a55e3cced377f431f9b
  PINOperation: 24b774353ca248fcf87d67b2d61eef42087c125a
  PINRemoteImage: d6d51c5d2adda55f1ce30c96e850b6c4ebd2856a
  RxCocoa: 32065309a38d29b5b0db858819b5bf9ef038b601
  RxCocoa-Texture: 90abb54f5d153746fe414f4d04e6d2e6cf91d70e
  RxRelay: 5a18c2eb2d68326ebaf0112f80d837ae41b92b97
  RxSwift: 81470a2074fa8780320ea5fe4102807cb7118178
  Texture: 8ecf6984065a1e54f06bf97b349ecca28582acd7
  TextureSwiftSupport: 5317b8df13d3a3fe2881a6e438335a96797632fb

PODFILE CHECKSUM: 2d18e82e4d98820fd7e7913eedacede574c99eb8

COCOAPODS: 1.11.2
