// !$*UTF8*$!
{
	archiveVersion = 1;
	classes = {
	};
	objectVersion = 56;
	objects = {

/* Begin PBXBuildFile section */
		2B2686DB2A54DB080028771E /* SecondViewController.swift in Sources */ = {isa = PBXBuildFile; fileRef = 2B2686DA2A54DB080028771E /* SecondViewController.swift */; };
		2B35513D2A4013CC0098D345 /* VideoRenderer.swift in Sources */ = {isa = PBXBuildFile; fileRef = 2B35513C2A4013CC0098D345 /* VideoRenderer.swift */; };
		2B65F8372A5670F200C9E998 /* VideoTextLabel.swift in Sources */ = {isa = PBXBuildFile; fileRef = 2B65F8362A5670F200C9E998 /* VideoTextLabel.swift */; };
		2BCE8E232A2DD7FF00ADD721 /* AppDelegate.swift in Sources */ = {isa = PBXBuildFile; fileRef = 2BCE8E222A2DD7FF00ADD721 /* AppDelegate.swift */; };
		2BCE8E252A2DD7FF00ADD721 /* SceneDelegate.swift in Sources */ = {isa = PBXBuildFile; fileRef = 2BCE8E242A2DD7FF00ADD721 /* SceneDelegate.swift */; };
		2BCE8E272A2DD7FF00ADD721 /* ViewController.swift in Sources */ = {isa = PBXBuildFile; fileRef = 2BCE8E262A2DD7FF00ADD721 /* ViewController.swift */; };
		2BCE8E2C2A2DD80000ADD721 /* Assets.xcassets in Resources */ = {isa = PBXBuildFile; fileRef = 2BCE8E2B2A2DD80000ADD721 /* Assets.xcassets */; };
		2BCE8E2F2A2DD80000ADD721 /* LaunchScreen.storyboard in Resources */ = {isa = PBXBuildFile; fileRef = 2BCE8E2D2A2DD80000ADD721 /* LaunchScreen.storyboard */; };
		2BCE8E3A2A2DD80000ADD721 /* RenderTextToVideoTests.swift in Sources */ = {isa = PBXBuildFile; fileRef = 2BCE8E392A2DD80000ADD721 /* RenderTextToVideoTests.swift */; };
		2BCE8E442A2DD80000ADD721 /* RenderTextToVideoUITests.swift in Sources */ = {isa = PBXBuildFile; fileRef = 2BCE8E432A2DD80000ADD721 /* RenderTextToVideoUITests.swift */; };
		2BCE8E462A2DD80000ADD721 /* RenderTextToVideoUITestsLaunchTests.swift in Sources */ = {isa = PBXBuildFile; fileRef = 2BCE8E452A2DD80000ADD721 /* RenderTextToVideoUITestsLaunchTests.swift */; };
		2BCE8E552A302C7D00ADD721 /* VideoText.swift in Sources */ = {isa = PBXBuildFile; fileRef = 2BCE8E542A302C7D00ADD721 /* VideoText.swift */; };
		2BCE8E572A302FD500ADD721 /* PreviewVC.swift in Sources */ = {isa = PBXBuildFile; fileRef = 2BCE8E562A302FD500ADD721 /* PreviewVC.swift */; };
		2BCE92282A3045DD00ADD721 /* ViewWrapperNode.swift in Sources */ = {isa = PBXBuildFile; fileRef = 2BCE92272A3045DD00ADD721 /* ViewWrapperNode.swift */; };
		2BCE922A2A30460D00ADD721 /* VideoTextPreview.swift in Sources */ = {isa = PBXBuildFile; fileRef = 2BCE92292A30460D00ADD721 /* VideoTextPreview.swift */; };
		2BCE922C2A305D3300ADD721 /* VideoTextPreviewNode.swift in Sources */ = {isa = PBXBuildFile; fileRef = 2BCE922B2A305D3300ADD721 /* VideoTextPreviewNode.swift */; };
		2BE073C62A5D0D3200F6D525 /* DeleteView.swift in Sources */ = {isa = PBXBuildFile; fileRef = 2BE073C52A5D0D3200F6D525 /* DeleteView.swift */; };
		2BE373D22A3AFC26002CBF3C /* Helper.swift in Sources */ = {isa = PBXBuildFile; fileRef = 2BE373D12A3AFC26002CBF3C /* Helper.swift */; };
		F378318E73A5E3B7A19FFBAF /* Pods_RenderTextToVideo.framework in Frameworks */ = {isa = PBXBuildFile; fileRef = 52B3D895F6F911DE10257D55 /* Pods_RenderTextToVideo.framework */; };
/* End PBXBuildFile section */

/* Begin PBXContainerItemProxy section */
		2BCE8E362A2DD80000ADD721 /* PBXContainerItemProxy */ = {
			isa = PBXContainerItemProxy;
			containerPortal = 2BCE8E172A2DD7FF00ADD721 /* Project object */;
			proxyType = 1;
			remoteGlobalIDString = 2BCE8E1E2A2DD7FF00ADD721;
			remoteInfo = RenderTextToVideo;
		};
		2BCE8E402A2DD80000ADD721 /* PBXContainerItemProxy */ = {
			isa = PBXContainerItemProxy;
			containerPortal = 2BCE8E172A2DD7FF00ADD721 /* Project object */;
			proxyType = 1;
			remoteGlobalIDString = 2BCE8E1E2A2DD7FF00ADD721;
			remoteInfo = RenderTextToVideo;
		};
/* End PBXContainerItemProxy section */

/* Begin PBXFileReference section */
		2B2686DA2A54DB080028771E /* SecondViewController.swift */ = {isa = PBXFileReference; lastKnownFileType = sourcecode.swift; path = SecondViewController.swift; sourceTree = "<group>"; };
		2B35513C2A4013CC0098D345 /* VideoRenderer.swift */ = {isa = PBXFileReference; lastKnownFileType = sourcecode.swift; path = VideoRenderer.swift; sourceTree = "<group>"; };
		2B65F8362A5670F200C9E998 /* VideoTextLabel.swift */ = {isa = PBXFileReference; lastKnownFileType = sourcecode.swift; path = VideoTextLabel.swift; sourceTree = "<group>"; };
		2BCE8E1F2A2DD7FF00ADD721 /* RenderTextToVideo.app */ = {isa = PBXFileReference; explicitFileType = wrapper.application; includeInIndex = 0; path = RenderTextToVideo.app; sourceTree = BUILT_PRODUCTS_DIR; };
		2BCE8E222A2DD7FF00ADD721 /* AppDelegate.swift */ = {isa = PBXFileReference; lastKnownFileType = sourcecode.swift; path = AppDelegate.swift; sourceTree = "<group>"; };
		2BCE8E242A2DD7FF00ADD721 /* SceneDelegate.swift */ = {isa = PBXFileReference; lastKnownFileType = sourcecode.swift; path = SceneDelegate.swift; sourceTree = "<group>"; };
		2BCE8E262A2DD7FF00ADD721 /* ViewController.swift */ = {isa = PBXFileReference; lastKnownFileType = sourcecode.swift; path = ViewController.swift; sourceTree = "<group>"; };
		2BCE8E2B2A2DD80000ADD721 /* Assets.xcassets */ = {isa = PBXFileReference; lastKnownFileType = folder.assetcatalog; path = Assets.xcassets; sourceTree = "<group>"; };
		2BCE8E2E2A2DD80000ADD721 /* Base */ = {isa = PBXFileReference; lastKnownFileType = file.storyboard; name = Base; path = Base.lproj/LaunchScreen.storyboard; sourceTree = "<group>"; };
		2BCE8E302A2DD80000ADD721 /* Info.plist */ = {isa = PBXFileReference; lastKnownFileType = text.plist.xml; path = Info.plist; sourceTree = "<group>"; };
		2BCE8E352A2DD80000ADD721 /* RenderTextToVideoTests.xctest */ = {isa = PBXFileReference; explicitFileType = wrapper.cfbundle; includeInIndex = 0; path = RenderTextToVideoTests.xctest; sourceTree = BUILT_PRODUCTS_DIR; };
		2BCE8E392A2DD80000ADD721 /* RenderTextToVideoTests.swift */ = {isa = PBXFileReference; lastKnownFileType = sourcecode.swift; path = RenderTextToVideoTests.swift; sourceTree = "<group>"; };
		2BCE8E3F2A2DD80000ADD721 /* RenderTextToVideoUITests.xctest */ = {isa = PBXFileReference; explicitFileType = wrapper.cfbundle; includeInIndex = 0; path = RenderTextToVideoUITests.xctest; sourceTree = BUILT_PRODUCTS_DIR; };
		2BCE8E432A2DD80000ADD721 /* RenderTextToVideoUITests.swift */ = {isa = PBXFileReference; lastKnownFileType = sourcecode.swift; path = RenderTextToVideoUITests.swift; sourceTree = "<group>"; };
		2BCE8E452A2DD80000ADD721 /* RenderTextToVideoUITestsLaunchTests.swift */ = {isa = PBXFileReference; lastKnownFileType = sourcecode.swift; path = RenderTextToVideoUITestsLaunchTests.swift; sourceTree = "<group>"; };
		2BCE8E542A302C7D00ADD721 /* VideoText.swift */ = {isa = PBXFileReference; lastKnownFileType = sourcecode.swift; path = VideoText.swift; sourceTree = "<group>"; };
		2BCE8E562A302FD500ADD721 /* PreviewVC.swift */ = {isa = PBXFileReference; lastKnownFileType = sourcecode.swift; path = PreviewVC.swift; sourceTree = "<group>"; };
		2BCE92272A3045DD00ADD721 /* ViewWrapperNode.swift */ = {isa = PBXFileReference; lastKnownFileType = sourcecode.swift; path = ViewWrapperNode.swift; sourceTree = "<group>"; };
		2BCE92292A30460D00ADD721 /* VideoTextPreview.swift */ = {isa = PBXFileReference; lastKnownFileType = sourcecode.swift; path = VideoTextPreview.swift; sourceTree = "<group>"; };
		2BCE922B2A305D3300ADD721 /* VideoTextPreviewNode.swift */ = {isa = PBXFileReference; lastKnownFileType = sourcecode.swift; path = VideoTextPreviewNode.swift; sourceTree = "<group>"; };
		2BE073C52A5D0D3200F6D525 /* DeleteView.swift */ = {isa = PBXFileReference; lastKnownFileType = sourcecode.swift; path = DeleteView.swift; sourceTree = "<group>"; };
		2BE373D12A3AFC26002CBF3C /* Helper.swift */ = {isa = PBXFileReference; lastKnownFileType = sourcecode.swift; path = Helper.swift; sourceTree = "<group>"; };
		52B3D895F6F911DE10257D55 /* Pods_RenderTextToVideo.framework */ = {isa = PBXFileReference; explicitFileType = wrapper.framework; includeInIndex = 0; path = Pods_RenderTextToVideo.framework; sourceTree = BUILT_PRODUCTS_DIR; };
		6DC9840F5A1F303B93C36272 /* Pods-RenderTextToVideo.debug.xcconfig */ = {isa = PBXFileReference; includeInIndex = 1; lastKnownFileType = text.xcconfig; name = "Pods-RenderTextToVideo.debug.xcconfig"; path = "Target Support Files/Pods-RenderTextToVideo/Pods-RenderTextToVideo.debug.xcconfig"; sourceTree = "<group>"; };
		A375436081C3F26C9A8C4D16 /* Pods-RenderTextToVideo.release.xcconfig */ = {isa = PBXFileReference; includeInIndex = 1; lastKnownFileType = text.xcconfig; name = "Pods-RenderTextToVideo.release.xcconfig"; path = "Target Support Files/Pods-RenderTextToVideo/Pods-RenderTextToVideo.release.xcconfig"; sourceTree = "<group>"; };
/* End PBXFileReference section */

/* Begin PBXFrameworksBuildPhase section */
		2BCE8E1C2A2DD7FF00ADD721 /* Frameworks */ = {
			isa = PBXFrameworksBuildPhase;
			buildActionMask = 2147483647;
			files = (
				F378318E73A5E3B7A19FFBAF /* Pods_RenderTextToVideo.framework in Frameworks */,
			);
			runOnlyForDeploymentPostprocessing = 0;
		};
		2BCE8E322A2DD80000ADD721 /* Frameworks */ = {
			isa = PBXFrameworksBuildPhase;
			buildActionMask = 2147483647;
			files = (
			);
			runOnlyForDeploymentPostprocessing = 0;
		};
		2BCE8E3C2A2DD80000ADD721 /* Frameworks */ = {
			isa = PBXFrameworksBuildPhase;
			buildActionMask = 2147483647;
			files = (
			);
			runOnlyForDeploymentPostprocessing = 0;
		};
/* End PBXFrameworksBuildPhase section */

/* Begin PBXGroup section */
		16EB039029D6B18C8E6AC523 /* Frameworks */ = {
			isa = PBXGroup;
			children = (
				52B3D895F6F911DE10257D55 /* Pods_RenderTextToVideo.framework */,
			);
			name = Frameworks;
			sourceTree = "<group>";
		};
		2BCE8E162A2DD7FF00ADD721 = {
			isa = PBXGroup;
			children = (
				2BCE8E212A2DD7FF00ADD721 /* RenderTextToVideo */,
				2BCE8E382A2DD80000ADD721 /* RenderTextToVideoTests */,
				2BCE8E422A2DD80000ADD721 /* RenderTextToVideoUITests */,
				2BCE8E202A2DD7FF00ADD721 /* Products */,
				64DBF5ED74E6BF1ACF30ACEC /* Pods */,
				16EB039029D6B18C8E6AC523 /* Frameworks */,
			);
			sourceTree = "<group>";
		};
		2BCE8E202A2DD7FF00ADD721 /* Products */ = {
			isa = PBXGroup;
			children = (
				2BCE8E1F2A2DD7FF00ADD721 /* RenderTextToVideo.app */,
				2BCE8E352A2DD80000ADD721 /* RenderTextToVideoTests.xctest */,
				2BCE8E3F2A2DD80000ADD721 /* RenderTextToVideoUITests.xctest */,
			);
			name = Products;
			sourceTree = "<group>";
		};
		2BCE8E212A2DD7FF00ADD721 /* RenderTextToVideo */ = {
			isa = PBXGroup;
			children = (
				2BCE8E532A2DDE5400ADD721 /* Model */,
				2BCE8E522A2DDE4D00ADD721 /* Component */,
				2BCE8E222A2DD7FF00ADD721 /* AppDelegate.swift */,
				2BCE8E242A2DD7FF00ADD721 /* SceneDelegate.swift */,
				2BCE8E262A2DD7FF00ADD721 /* ViewController.swift */,
				2BCE8E2B2A2DD80000ADD721 /* Assets.xcassets */,
				2BCE8E2D2A2DD80000ADD721 /* LaunchScreen.storyboard */,
				2BCE8E302A2DD80000ADD721 /* Info.plist */,
				2BCE8E562A302FD500ADD721 /* PreviewVC.swift */,
				2BE373D12A3AFC26002CBF3C /* Helper.swift */,
				2B35513C2A4013CC0098D345 /* VideoRenderer.swift */,
				2B2686DA2A54DB080028771E /* SecondViewController.swift */,
			);
			path = RenderTextToVideo;
			sourceTree = "<group>";
		};
		2BCE8E382A2DD80000ADD721 /* RenderTextToVideoTests */ = {
			isa = PBXGroup;
			children = (
				2BCE8E392A2DD80000ADD721 /* RenderTextToVideoTests.swift */,
			);
			path = RenderTextToVideoTests;
			sourceTree = "<group>";
		};
		2BCE8E422A2DD80000ADD721 /* RenderTextToVideoUITests */ = {
			isa = PBXGroup;
			children = (
				2BCE8E432A2DD80000ADD721 /* RenderTextToVideoUITests.swift */,
				2BCE8E452A2DD80000ADD721 /* RenderTextToVideoUITestsLaunchTests.swift */,
			);
			path = RenderTextToVideoUITests;
			sourceTree = "<group>";
		};
		2BCE8E522A2DDE4D00ADD721 /* Component */ = {
			isa = PBXGroup;
			children = (
				2BCE92272A3045DD00ADD721 /* ViewWrapperNode.swift */,
				2BCE92292A30460D00ADD721 /* VideoTextPreview.swift */,
				2BCE922B2A305D3300ADD721 /* VideoTextPreviewNode.swift */,
				2B65F8362A5670F200C9E998 /* VideoTextLabel.swift */,
				2BE073C52A5D0D3200F6D525 /* DeleteView.swift */,
			);
			path = Component;
			sourceTree = "<group>";
		};
		2BCE8E532A2DDE5400ADD721 /* Model */ = {
			isa = PBXGroup;
			children = (
				2BCE8E542A302C7D00ADD721 /* VideoText.swift */,
			);
			path = Model;
			sourceTree = "<group>";
		};
		64DBF5ED74E6BF1ACF30ACEC /* Pods */ = {
			isa = PBXGroup;
			children = (
				6DC9840F5A1F303B93C36272 /* Pods-RenderTextToVideo.debug.xcconfig */,
				A375436081C3F26C9A8C4D16 /* Pods-RenderTextToVideo.release.xcconfig */,
			);
			path = Pods;
			sourceTree = "<group>";
		};
/* End PBXGroup section */

/* Begin PBXNativeTarget section */
		2BCE8E1E2A2DD7FF00ADD721 /* RenderTextToVideo */ = {
			isa = PBXNativeTarget;
			buildConfigurationList = 2BCE8E492A2DD80000ADD721 /* Build configuration list for PBXNativeTarget "RenderTextToVideo" */;
			buildPhases = (
				E9043DF1713677EDF846FAE8 /* [CP] Check Pods Manifest.lock */,
				2BCE8E1B2A2DD7FF00ADD721 /* Sources */,
				2BCE8E1C2A2DD7FF00ADD721 /* Frameworks */,
				2BCE8E1D2A2DD7FF00ADD721 /* Resources */,
				D299F78F26A9012AFE7B8036 /* [CP] Embed Pods Frameworks */,
			);
			buildRules = (
			);
			dependencies = (
			);
			name = RenderTextToVideo;
			productName = RenderTextToVideo;
			productReference = 2BCE8E1F2A2DD7FF00ADD721 /* RenderTextToVideo.app */;
			productType = "com.apple.product-type.application";
		};
		2BCE8E342A2DD80000ADD721 /* RenderTextToVideoTests */ = {
			isa = PBXNativeTarget;
			buildConfigurationList = 2BCE8E4C2A2DD80000ADD721 /* Build configuration list for PBXNativeTarget "RenderTextToVideoTests" */;
			buildPhases = (
				2BCE8E312A2DD80000ADD721 /* Sources */,
				2BCE8E322A2DD80000ADD721 /* Frameworks */,
				2BCE8E332A2DD80000ADD721 /* Resources */,
			);
			buildRules = (
			);
			dependencies = (
				2BCE8E372A2DD80000ADD721 /* PBXTargetDependency */,
			);
			name = RenderTextToVideoTests;
			productName = RenderTextToVideoTests;
			productReference = 2BCE8E352A2DD80000ADD721 /* RenderTextToVideoTests.xctest */;
			productType = "com.apple.product-type.bundle.unit-test";
		};
		2BCE8E3E2A2DD80000ADD721 /* RenderTextToVideoUITests */ = {
			isa = PBXNativeTarget;
			buildConfigurationList = 2BCE8E4F2A2DD80000ADD721 /* Build configuration list for PBXNativeTarget "RenderTextToVideoUITests" */;
			buildPhases = (
				2BCE8E3B2A2DD80000ADD721 /* Sources */,
				2BCE8E3C2A2DD80000ADD721 /* Frameworks */,
				2BCE8E3D2A2DD80000ADD721 /* Resources */,
			);
			buildRules = (
			);
			dependencies = (
				2BCE8E412A2DD80000ADD721 /* PBXTargetDependency */,
			);
			name = RenderTextToVideoUITests;
			productName = RenderTextToVideoUITests;
			productReference = 2BCE8E3F2A2DD80000ADD721 /* RenderTextToVideoUITests.xctest */;
			productType = "com.apple.product-type.bundle.ui-testing";
		};
/* End PBXNativeTarget section */

/* Begin PBXProject section */
		2BCE8E172A2DD7FF00ADD721 /* Project object */ = {
			isa = PBXProject;
			attributes = {
				BuildIndependentTargetsInParallel = 1;
				LastSwiftUpdateCheck = 1420;
				LastUpgradeCheck = 1420;
				TargetAttributes = {
					2BCE8E1E2A2DD7FF00ADD721 = {
						CreatedOnToolsVersion = 14.2;
					};
					2BCE8E342A2DD80000ADD721 = {
						CreatedOnToolsVersion = 14.2;
						TestTargetID = 2BCE8E1E2A2DD7FF00ADD721;
					};
					2BCE8E3E2A2DD80000ADD721 = {
						CreatedOnToolsVersion = 14.2;
						TestTargetID = 2BCE8E1E2A2DD7FF00ADD721;
					};
				};
			};
			buildConfigurationList = 2BCE8E1A2A2DD7FF00ADD721 /* Build configuration list for PBXProject "RenderTextToVideo" */;
			compatibilityVersion = "Xcode 14.0";
			developmentRegion = en;
			hasScannedForEncodings = 0;
			knownRegions = (
				en,
				Base,
			);
			mainGroup = 2BCE8E162A2DD7FF00ADD721;
			productRefGroup = 2BCE8E202A2DD7FF00ADD721 /* Products */;
			projectDirPath = "";
			projectRoot = "";
			targets = (
				2BCE8E1E2A2DD7FF00ADD721 /* RenderTextToVideo */,
				2BCE8E342A2DD80000ADD721 /* RenderTextToVideoTests */,
				2BCE8E3E2A2DD80000ADD721 /* RenderTextToVideoUITests */,
			);
		};
/* End PBXProject section */

/* Begin PBXResourcesBuildPhase section */
		2BCE8E1D2A2DD7FF00ADD721 /* Resources */ = {
			isa = PBXResourcesBuildPhase;
			buildActionMask = 2147483647;
			files = (
				2BCE8E2F2A2DD80000ADD721 /* LaunchScreen.storyboard in Resources */,
				2BCE8E2C2A2DD80000ADD721 /* Assets.xcassets in Resources */,
			);
			runOnlyForDeploymentPostprocessing = 0;
		};
		2BCE8E332A2DD80000ADD721 /* Resources */ = {
			isa = PBXResourcesBuildPhase;
			buildActionMask = 2147483647;
			files = (
			);
			runOnlyForDeploymentPostprocessing = 0;
		};
		2BCE8E3D2A2DD80000ADD721 /* Resources */ = {
			isa = PBXResourcesBuildPhase;
			buildActionMask = 2147483647;
			files = (
			);
			runOnlyForDeploymentPostprocessing = 0;
		};
/* End PBXResourcesBuildPhase section */

/* Begin PBXShellScriptBuildPhase section */
		D299F78F26A9012AFE7B8036 /* [CP] Embed Pods Frameworks */ = {
			isa = PBXShellScriptBuildPhase;
			buildActionMask = 2147483647;
			files = (
			);
			inputFileListPaths = (
				"${PODS_ROOT}/Target Support Files/Pods-RenderTextToVideo/Pods-RenderTextToVideo-frameworks-${CONFIGURATION}-input-files.xcfilelist",
			);
			name = "[CP] Embed Pods Frameworks";
			outputFileListPaths = (
				"${PODS_ROOT}/Target Support Files/Pods-RenderTextToVideo/Pods-RenderTextToVideo-frameworks-${CONFIGURATION}-output-files.xcfilelist",
			);
			runOnlyForDeploymentPostprocessing = 0;
			shellPath = /bin/sh;
			shellScript = "\"${PODS_ROOT}/Target Support Files/Pods-RenderTextToVideo/Pods-RenderTextToVideo-frameworks.sh\"\n";
			showEnvVarsInLog = 0;
		};
		E9043DF1713677EDF846FAE8 /* [CP] Check Pods Manifest.lock */ = {
			isa = PBXShellScriptBuildPhase;
			buildActionMask = 2147483647;
			files = (
			);
			inputFileListPaths = (
			);
			inputPaths = (
				"${PODS_PODFILE_DIR_PATH}/Podfile.lock",
				"${PODS_ROOT}/Manifest.lock",
			);
			name = "[CP] Check Pods Manifest.lock";
			outputFileListPaths = (
			);
			outputPaths = (
				"$(DERIVED_FILE_DIR)/Pods-RenderTextToVideo-checkManifestLockResult.txt",
			);
			runOnlyForDeploymentPostprocessing = 0;
			shellPath = /bin/sh;
			shellScript = "diff \"${PODS_PODFILE_DIR_PATH}/Podfile.lock\" \"${PODS_ROOT}/Manifest.lock\" > /dev/null\nif [ $? != 0 ] ; then\n    # print error to STDERR\n    echo \"error: The sandbox is not in sync with the Podfile.lock. Run 'pod install' or update your CocoaPods installation.\" >&2\n    exit 1\nfi\n# This output is used by Xcode 'outputs' to avoid re-running this script phase.\necho \"SUCCESS\" > \"${SCRIPT_OUTPUT_FILE_0}\"\n";
			showEnvVarsInLog = 0;
		};
/* End PBXShellScriptBuildPhase section */

/* Begin PBXSourcesBuildPhase section */
		2BCE8E1B2A2DD7FF00ADD721 /* Sources */ = {
			isa = PBXSourcesBuildPhase;
			buildActionMask = 2147483647;
			files = (
				2B2686DB2A54DB080028771E /* SecondViewController.swift in Sources */,
				2BCE8E272A2DD7FF00ADD721 /* ViewController.swift in Sources */,
				2BCE922C2A305D3300ADD721 /* VideoTextPreviewNode.swift in Sources */,
				2BCE8E232A2DD7FF00ADD721 /* AppDelegate.swift in Sources */,
				2BCE922A2A30460D00ADD721 /* VideoTextPreview.swift in Sources */,
				2BCE8E572A302FD500ADD721 /* PreviewVC.swift in Sources */,
				2B35513D2A4013CC0098D345 /* VideoRenderer.swift in Sources */,
				2BE073C62A5D0D3200F6D525 /* DeleteView.swift in Sources */,
				2B65F8372A5670F200C9E998 /* VideoTextLabel.swift in Sources */,
				2BE373D22A3AFC26002CBF3C /* Helper.swift in Sources */,
				2BCE8E552A302C7D00ADD721 /* VideoText.swift in Sources */,
				2BCE92282A3045DD00ADD721 /* ViewWrapperNode.swift in Sources */,
				2BCE8E252A2DD7FF00ADD721 /* SceneDelegate.swift in Sources */,
			);
			runOnlyForDeploymentPostprocessing = 0;
		};
		2BCE8E312A2DD80000ADD721 /* Sources */ = {
			isa = PBXSourcesBuildPhase;
			buildActionMask = 2147483647;
			files = (
				2BCE8E3A2A2DD80000ADD721 /* RenderTextToVideoTests.swift in Sources */,
			);
			runOnlyForDeploymentPostprocessing = 0;
		};
		2BCE8E3B2A2DD80000ADD721 /* Sources */ = {
			isa = PBXSourcesBuildPhase;
			buildActionMask = 2147483647;
			files = (
				2BCE8E462A2DD80000ADD721 /* RenderTextToVideoUITestsLaunchTests.swift in Sources */,
				2BCE8E442A2DD80000ADD721 /* RenderTextToVideoUITests.swift in Sources */,
			);
			runOnlyForDeploymentPostprocessing = 0;
		};
/* End PBXSourcesBuildPhase section */

/* Begin PBXTargetDependency section */
		2BCE8E372A2DD80000ADD721 /* PBXTargetDependency */ = {
			isa = PBXTargetDependency;
			target = 2BCE8E1E2A2DD7FF00ADD721 /* RenderTextToVideo */;
			targetProxy = 2BCE8E362A2DD80000ADD721 /* PBXContainerItemProxy */;
		};
		2BCE8E412A2DD80000ADD721 /* PBXTargetDependency */ = {
			isa = PBXTargetDependency;
			target = 2BCE8E1E2A2DD7FF00ADD721 /* RenderTextToVideo */;
			targetProxy = 2BCE8E402A2DD80000ADD721 /* PBXContainerItemProxy */;
		};
/* End PBXTargetDependency section */

/* Begin PBXVariantGroup section */
		2BCE8E2D2A2DD80000ADD721 /* LaunchScreen.storyboard */ = {
			isa = PBXVariantGroup;
			children = (
				2BCE8E2E2A2DD80000ADD721 /* Base */,
			);
			name = LaunchScreen.storyboard;
			sourceTree = "<group>";
		};
/* End PBXVariantGroup section */

/* Begin XCBuildConfiguration section */
		2BCE8E472A2DD80000ADD721 /* Debug */ = {
			isa = XCBuildConfiguration;
			buildSettings = {
				ALWAYS_SEARCH_USER_PATHS = NO;
				CLANG_ANALYZER_NONNULL = YES;
				CLANG_ANALYZER_NUMBER_OBJECT_CONVERSION = YES_AGGRESSIVE;
				CLANG_CXX_LANGUAGE_STANDARD = "gnu++20";
				CLANG_ENABLE_MODULES = YES;
				CLANG_ENABLE_OBJC_ARC = YES;
				CLANG_ENABLE_OBJC_WEAK = YES;
				CLANG_WARN_BLOCK_CAPTURE_AUTORELEASING = YES;
				CLANG_WARN_BOOL_CONVERSION = YES;
				CLANG_WARN_COMMA = YES;
				CLANG_WARN_CONSTANT_CONVERSION = YES;
				CLANG_WARN_DEPRECATED_OBJC_IMPLEMENTATIONS = YES;
				CLANG_WARN_DIRECT_OBJC_ISA_USAGE = YES_ERROR;
				CLANG_WARN_DOCUMENTATION_COMMENTS = YES;
				CLANG_WARN_EMPTY_BODY = YES;
				CLANG_WARN_ENUM_CONVERSION = YES;
				CLANG_WARN_INFINITE_RECURSION = YES;
				CLANG_WARN_INT_CONVERSION = YES;
				CLANG_WARN_NON_LITERAL_NULL_CONVERSION = YES;
				CLANG_WARN_OBJC_IMPLICIT_RETAIN_SELF = YES;
				CLANG_WARN_OBJC_LITERAL_CONVERSION = YES;
				CLANG_WARN_OBJC_ROOT_CLASS = YES_ERROR;
				CLANG_WARN_QUOTED_INCLUDE_IN_FRAMEWORK_HEADER = YES;
				CLANG_WARN_RANGE_LOOP_ANALYSIS = YES;
				CLANG_WARN_STRICT_PROTOTYPES = YES;
				CLANG_WARN_SUSPICIOUS_MOVE = YES;
				CLANG_WARN_UNGUARDED_AVAILABILITY = YES_AGGRESSIVE;
				CLANG_WARN_UNREACHABLE_CODE = YES;
				CLANG_WARN__DUPLICATE_METHOD_MATCH = YES;
				COPY_PHASE_STRIP = NO;
				DEBUG_INFORMATION_FORMAT = dwarf;
				ENABLE_STRICT_OBJC_MSGSEND = YES;
				ENABLE_TESTABILITY = YES;
				GCC_C_LANGUAGE_STANDARD = gnu11;
				GCC_DYNAMIC_NO_PIC = NO;
				GCC_NO_COMMON_BLOCKS = YES;
				GCC_OPTIMIZATION_LEVEL = 0;
				GCC_PREPROCESSOR_DEFINITIONS = (
					"DEBUG=1",
					"$(inherited)",
				);
				GCC_WARN_64_TO_32_BIT_CONVERSION = YES;
				GCC_WARN_ABOUT_RETURN_TYPE = YES_ERROR;
				GCC_WARN_UNDECLARED_SELECTOR = YES;
				GCC_WARN_UNINITIALIZED_AUTOS = YES_AGGRESSIVE;
				GCC_WARN_UNUSED_FUNCTION = YES;
				GCC_WARN_UNUSED_VARIABLE = YES;
				IPHONEOS_DEPLOYMENT_TARGET = 13.0;
				MTL_ENABLE_DEBUG_INFO = INCLUDE_SOURCE;
				MTL_FAST_MATH = YES;
				ONLY_ACTIVE_ARCH = YES;
				SDKROOT = iphoneos;
				SWIFT_ACTIVE_COMPILATION_CONDITIONS = DEBUG;
				SWIFT_OPTIMIZATION_LEVEL = "-Onone";
			};
			name = Debug;
		};
		2BCE8E482A2DD80000ADD721 /* Release */ = {
			isa = XCBuildConfiguration;
			buildSettings = {
				ALWAYS_SEARCH_USER_PATHS = NO;
				CLANG_ANALYZER_NONNULL = YES;
				CLANG_ANALYZER_NUMBER_OBJECT_CONVERSION = YES_AGGRESSIVE;
				CLANG_CXX_LANGUAGE_STANDARD = "gnu++20";
				CLANG_ENABLE_MODULES = YES;
				CLANG_ENABLE_OBJC_ARC = YES;
				CLANG_ENABLE_OBJC_WEAK = YES;
				CLANG_WARN_BLOCK_CAPTURE_AUTORELEASING = YES;
				CLANG_WARN_BOOL_CONVERSION = YES;
				CLANG_WARN_COMMA = YES;
				CLANG_WARN_CONSTANT_CONVERSION = YES;
				CLANG_WARN_DEPRECATED_OBJC_IMPLEMENTATIONS = YES;
				CLANG_WARN_DIRECT_OBJC_ISA_USAGE = YES_ERROR;
				CLANG_WARN_DOCUMENTATION_COMMENTS = YES;
				CLANG_WARN_EMPTY_BODY = YES;
				CLANG_WARN_ENUM_CONVERSION = YES;
				CLANG_WARN_INFINITE_RECURSION = YES;
				CLANG_WARN_INT_CONVERSION = YES;
				CLANG_WARN_NON_LITERAL_NULL_CONVERSION = YES;
				CLANG_WARN_OBJC_IMPLICIT_RETAIN_SELF = YES;
				CLANG_WARN_OBJC_LITERAL_CONVERSION = YES;
				CLANG_WARN_OBJC_ROOT_CLASS = YES_ERROR;
				CLANG_WARN_QUOTED_INCLUDE_IN_FRAMEWORK_HEADER = YES;
				CLANG_WARN_RANGE_LOOP_ANALYSIS = YES;
				CLANG_WARN_STRICT_PROTOTYPES = YES;
				CLANG_WARN_SUSPICIOUS_MOVE = YES;
				CLANG_WARN_UNGUARDED_AVAILABILITY = YES_AGGRESSIVE;
				CLANG_WARN_UNREACHABLE_CODE = YES;
				CLANG_WARN__DUPLICATE_METHOD_MATCH = YES;
				COPY_PHASE_STRIP = NO;
				DEBUG_INFORMATION_FORMAT = "dwarf-with-dsym";
				ENABLE_NS_ASSERTIONS = NO;
				ENABLE_STRICT_OBJC_MSGSEND = YES;
				GCC_C_LANGUAGE_STANDARD = gnu11;
				GCC_NO_COMMON_BLOCKS = YES;
				GCC_WARN_64_TO_32_BIT_CONVERSION = YES;
				GCC_WARN_ABOUT_RETURN_TYPE = YES_ERROR;
				GCC_WARN_UNDECLARED_SELECTOR = YES;
				GCC_WARN_UNINITIALIZED_AUTOS = YES_AGGRESSIVE;
				GCC_WARN_UNUSED_FUNCTION = YES;
				GCC_WARN_UNUSED_VARIABLE = YES;
				IPHONEOS_DEPLOYMENT_TARGET = 13.0;
				MTL_ENABLE_DEBUG_INFO = NO;
				MTL_FAST_MATH = YES;
				SDKROOT = iphoneos;
				SWIFT_COMPILATION_MODE = wholemodule;
				SWIFT_OPTIMIZATION_LEVEL = "-O";
				VALIDATE_PRODUCT = YES;
			};
			name = Release;
		};
		2BCE8E4A2A2DD80000ADD721 /* Debug */ = {
			isa = XCBuildConfiguration;
			baseConfigurationReference = 6DC9840F5A1F303B93C36272 /* Pods-RenderTextToVideo.debug.xcconfig */;
			buildSettings = {
				ASSETCATALOG_COMPILER_APPICON_NAME = AppIcon;
				ASSETCATALOG_COMPILER_GLOBAL_ACCENT_COLOR_NAME = AccentColor;
				CODE_SIGN_IDENTITY = "Apple Development";
				CODE_SIGN_STYLE = Automatic;
				CURRENT_PROJECT_VERSION = 1;
				DEVELOPMENT_TEAM = 4AD342VD64;
				"EXCLUDED_ARCHS[sdk=iphonesimulator*]" = arm64;
				GENERATE_INFOPLIST_FILE = YES;
				INFOPLIST_FILE = RenderTextToVideo/Info.plist;
				INFOPLIST_KEY_LSApplicationCategoryType = "";
				INFOPLIST_KEY_NSAppleMusicUsageDescription = "We need to save your video";
				INFOPLIST_KEY_NSPhotoLibraryUsageDescription = "We need to save your video";
				INFOPLIST_KEY_UIApplicationSupportsIndirectInputEvents = YES;
				INFOPLIST_KEY_UILaunchStoryboardName = LaunchScreen;
				INFOPLIST_KEY_UIMainStoryboardFile = LaunchScreen;
				INFOPLIST_KEY_UIStatusBarStyle = "";
				INFOPLIST_KEY_UISupportedInterfaceOrientations_iPad = "UIInterfaceOrientationPortrait UIInterfaceOrientationPortraitUpsideDown UIInterfaceOrientationLandscapeLeft UIInterfaceOrientationLandscapeRight";
				INFOPLIST_KEY_UISupportedInterfaceOrientations_iPhone = "UIInterfaceOrientationPortrait UIInterfaceOrientationLandscapeLeft UIInterfaceOrientationLandscapeRight";
				IPHONEOS_DEPLOYMENT_TARGET = 13.0;
				LD_RUNPATH_SEARCH_PATHS = (
					"$(inherited)",
					"@executable_path/Frameworks",
				);
				MARKETING_VERSION = 1.0;
				PRODUCT_BUNDLE_IDENTIFIER = haerul.RenderTextToVideo;
				PRODUCT_NAME = "$(TARGET_NAME)";
				PROVISIONING_PROFILE_SPECIFIER = "";
				SWIFT_EMIT_LOC_STRINGS = YES;
				SWIFT_VERSION = 5.0;
				TARGETED_DEVICE_FAMILY = "1,2";
			};
			name = Debug;
		};
		2BCE8E4B2A2DD80000ADD721 /* Release */ = {
			isa = XCBuildConfiguration;
			baseConfigurationReference = A375436081C3F26C9A8C4D16 /* Pods-RenderTextToVideo.release.xcconfig */;
			buildSettings = {
				ASSETCATALOG_COMPILER_APPICON_NAME = AppIcon;
				ASSETCATALOG_COMPILER_GLOBAL_ACCENT_COLOR_NAME = AccentColor;
				CODE_SIGN_IDENTITY = "Apple Development";
				CODE_SIGN_STYLE = Automatic;
				CURRENT_PROJECT_VERSION = 1;
				DEVELOPMENT_TEAM = 4AD342VD64;
				GENERATE_INFOPLIST_FILE = YES;
				INFOPLIST_FILE = RenderTextToVideo/Info.plist;
				INFOPLIST_KEY_LSApplicationCategoryType = "";
				INFOPLIST_KEY_NSAppleMusicUsageDescription = "We need to save your video";
				INFOPLIST_KEY_NSPhotoLibraryUsageDescription = "We need to save your video";
				INFOPLIST_KEY_UIApplicationSupportsIndirectInputEvents = YES;
				INFOPLIST_KEY_UILaunchStoryboardName = LaunchScreen;
				INFOPLIST_KEY_UIMainStoryboardFile = LaunchScreen;
				INFOPLIST_KEY_UIStatusBarStyle = "";
				INFOPLIST_KEY_UISupportedInterfaceOrientations_iPad = "UIInterfaceOrientationPortrait UIInterfaceOrientationPortraitUpsideDown UIInterfaceOrientationLandscapeLeft UIInterfaceOrientationLandscapeRight";
				INFOPLIST_KEY_UISupportedInterfaceOrientations_iPhone = "UIInterfaceOrientationPortrait UIInterfaceOrientationLandscapeLeft UIInterfaceOrientationLandscapeRight";
				IPHONEOS_DEPLOYMENT_TARGET = 13.0;
				LD_RUNPATH_SEARCH_PATHS = (
					"$(inherited)",
					"@executable_path/Frameworks",
				);
				MARKETING_VERSION = 1.0;
				PRODUCT_BUNDLE_IDENTIFIER = haerul.RenderTextToVideo;
				PRODUCT_NAME = "$(TARGET_NAME)";
				PROVISIONING_PROFILE_SPECIFIER = "";
				SWIFT_EMIT_LOC_STRINGS = YES;
				SWIFT_VERSION = 5.0;
				TARGETED_DEVICE_FAMILY = "1,2";
			};
			name = Release;
		};
		2BCE8E4D2A2DD80000ADD721 /* Debug */ = {
			isa = XCBuildConfiguration;
			buildSettings = {
				ALWAYS_EMBED_SWIFT_STANDARD_LIBRARIES = YES;
				BUNDLE_LOADER = "$(TEST_HOST)";
				CODE_SIGN_STYLE = Automatic;
				CURRENT_PROJECT_VERSION = 1;
				DEVELOPMENT_TEAM = 4AD342VD64;
				GENERATE_INFOPLIST_FILE = YES;
				IPHONEOS_DEPLOYMENT_TARGET = 16.2;
				MARKETING_VERSION = 1.0;
				PRODUCT_BUNDLE_IDENTIFIER = haerul.RenderTextToVideoTests;
				PRODUCT_NAME = "$(TARGET_NAME)";
				SWIFT_EMIT_LOC_STRINGS = NO;
				SWIFT_VERSION = 5.0;
				TARGETED_DEVICE_FAMILY = "1,2";
				TEST_HOST = "$(BUILT_PRODUCTS_DIR)/RenderTextToVideo.app/$(BUNDLE_EXECUTABLE_FOLDER_PATH)/RenderTextToVideo";
			};
			name = Debug;
		};
		2BCE8E4E2A2DD80000ADD721 /* Release */ = {
			isa = XCBuildConfiguration;
			buildSettings = {
				ALWAYS_EMBED_SWIFT_STANDARD_LIBRARIES = YES;
				BUNDLE_LOADER = "$(TEST_HOST)";
				CODE_SIGN_STYLE = Automatic;
				CURRENT_PROJECT_VERSION = 1;
				DEVELOPMENT_TEAM = 4AD342VD64;
				GENERATE_INFOPLIST_FILE = YES;
				IPHONEOS_DEPLOYMENT_TARGET = 16.2;
				MARKETING_VERSION = 1.0;
				PRODUCT_BUNDLE_IDENTIFIER = haerul.RenderTextToVideoTests;
				PRODUCT_NAME = "$(TARGET_NAME)";
				SWIFT_EMIT_LOC_STRINGS = NO;
				SWIFT_VERSION = 5.0;
				TARGETED_DEVICE_FAMILY = "1,2";
				TEST_HOST = "$(BUILT_PRODUCTS_DIR)/RenderTextToVideo.app/$(BUNDLE_EXECUTABLE_FOLDER_PATH)/RenderTextToVideo";
			};
			name = Release;
		};
		2BCE8E502A2DD80000ADD721 /* Debug */ = {
			isa = XCBuildConfiguration;
			buildSettings = {
				ALWAYS_EMBED_SWIFT_STANDARD_LIBRARIES = YES;
				CODE_SIGN_STYLE = Automatic;
				CURRENT_PROJECT_VERSION = 1;
				DEVELOPMENT_TEAM = 4AD342VD64;
				GENERATE_INFOPLIST_FILE = YES;
				MARKETING_VERSION = 1.0;
				PRODUCT_BUNDLE_IDENTIFIER = haerul.RenderTextToVideoUITests;
				PRODUCT_NAME = "$(TARGET_NAME)";
				SWIFT_EMIT_LOC_STRINGS = NO;
				SWIFT_VERSION = 5.0;
				TARGETED_DEVICE_FAMILY = "1,2";
				TEST_TARGET_NAME = RenderTextToVideo;
			};
			name = Debug;
		};
		2BCE8E512A2DD80000ADD721 /* Release */ = {
			isa = XCBuildConfiguration;
			buildSettings = {
				ALWAYS_EMBED_SWIFT_STANDARD_LIBRARIES = YES;
				CODE_SIGN_STYLE = Automatic;
				CURRENT_PROJECT_VERSION = 1;
				DEVELOPMENT_TEAM = 4AD342VD64;
				GENERATE_INFOPLIST_FILE = YES;
				MARKETING_VERSION = 1.0;
				PRODUCT_BUNDLE_IDENTIFIER = haerul.RenderTextToVideoUITests;
				PRODUCT_NAME = "$(TARGET_NAME)";
				SWIFT_EMIT_LOC_STRINGS = NO;
				SWIFT_VERSION = 5.0;
				TARGETED_DEVICE_FAMILY = "1,2";
				TEST_TARGET_NAME = RenderTextToVideo;
			};
			name = Release;
		};
/* End XCBuildConfiguration section */

/* Begin XCConfigurationList section */
		2BCE8E1A2A2DD7FF00ADD721 /* Build configuration list for PBXProject "RenderTextToVideo" */ = {
			isa = XCConfigurationList;
			buildConfigurations = (
				2BCE8E472A2DD80000ADD721 /* Debug */,
				2BCE8E482A2DD80000ADD721 /* Release */,
			);
			defaultConfigurationIsVisible = 0;
			defaultConfigurationName = Release;
		};
		2BCE8E492A2DD80000ADD721 /* Build configuration list for PBXNativeTarget "RenderTextToVideo" */ = {
			isa = XCConfigurationList;
			buildConfigurations = (
				2BCE8E4A2A2DD80000ADD721 /* Debug */,
				2BCE8E4B2A2DD80000ADD721 /* Release */,
			);
			defaultConfigurationIsVisible = 0;
			defaultConfigurationName = Release;
		};
		2BCE8E4C2A2DD80000ADD721 /* Build configuration list for PBXNativeTarget "RenderTextToVideoTests" */ = {
			isa = XCConfigurationList;
			buildConfigurations = (
				2BCE8E4D2A2DD80000ADD721 /* Debug */,
				2BCE8E4E2A2DD80000ADD721 /* Release */,
			);
			defaultConfigurationIsVisible = 0;
			defaultConfigurationName = Release;
		};
		2BCE8E4F2A2DD80000ADD721 /* Build configuration list for PBXNativeTarget "RenderTextToVideoUITests" */ = {
			isa = XCConfigurationList;
			buildConfigurations = (
				2BCE8E502A2DD80000ADD721 /* Debug */,
				2BCE8E512A2DD80000ADD721 /* Release */,
			);
			defaultConfigurationIsVisible = 0;
			defaultConfigurationName = Release;
		};
/* End XCConfigurationList section */
	};
	rootObject = 2BCE8E172A2DD7FF00ADD721 /* Project object */;
}
